
Microsoft Visual Studio Solution File, Format Version 12.00
# Visual Studio Version 17
VisualStudioVersion = 17.8.34316.72
MinimumVisualStudioVersion = 10.0.40219.1
Project("{FAE04EC0-301F-11D3-BF4B-00C04F79EFBC}") = "MeetingApp", "MeetingApp\MeetingApp.csproj", "{CFA8B504-D004-4963-833B-B6200D5B143A}"
EndProject
Global
	GlobalSection(SolutionConfigurationPlatforms) = preSolution
		Debug|Any CPU = Debug|Any CPU
		Release|Any CPU = Release|Any CPU
	EndGlobalSection
	GlobalSection(ProjectConfigurationPlatforms) = postSolution
		{CFA8B504-D004-4963-833B-B6200D5B143A}.Debug|Any CPU.ActiveCfg = Debug|Any CPU
		{CFA8B504-D004-4963-833B-B6200D5B143A}.Debug|Any CPU.Build.0 = Debug|Any CPU
		{CFA8B504-D004-4963-833B-B6200D5B143A}.Release|Any CPU.ActiveCfg = Release|Any CPU
		{CFA8B504-D004-4963-833B-B6200D5B143A}.Release|Any CPU.Build.0 = Release|Any CPU
	EndGlobalSection
	GlobalSection(SolutionProperties) = preSolution
		HideSolutionNode = FALSE
	EndGlobalSection
	GlobalSection(ExtensibilityGlobals) = postSolution
		SolutionGuid = {C1BDFD3A-2645-415B-B6EF-2B2010B42887}
	EndGlobalSection
EndGlobal
